<?xml version="1.0" encoding="utf-8"?>
<Project ToolsVersion="4.0" xmlns="http://schemas.microsoft.com/developer/msbuild/2003">
  <ItemGroup>
    <Filter Include="Source Files">
      <UniqueIdentifier>{4FC737F1-C7A5-4376-A066-2A32D752A2FF}</UniqueIdentifier>
      <Extensions>cpp;c;cc;cxx;c++;cppm;ixx;def;odl;idl;hpj;bat;asm;asmx</Extensions>
    </Filter>
    <Filter Include="Header Files">
      <UniqueIdentifier>{93995380-89BD-4b04-88EB-625FBE52EBFB}</UniqueIdentifier>
      <Extensions>h;hh;hpp;hxx;h++;hm;inl;inc;ipp;xsd</Extensions>
    </Filter>
    <Filter Include="Resource Files">
      <UniqueIdentifier>{67DA6AB6-F800-4c08-8B7A-83BB121AAD01}</UniqueIdentifier>
      <Extensions>rc;ico;cur;bmp;dlg;rc2;rct;bin;rgs;gif;jpg;jpeg;jpe;resx;tiff;tif;png;wav;mfcribbon-ms</Extensions>
    </Filter>
    <Filter Include="Plugin Spec">
      <UniqueIdentifier>{6fe1b415-8781-4421-9dfe-d48957319e49}</UniqueIdentifier>
    </Filter>
    <Filter Include="Source Files\dynarmic">
      <UniqueIdentifier>{ec436750-23bf-4a7e-9346-4591e66488af}</UniqueIdentifier>
    </Filter>
    <Filter Include="Source Files\dynarmic\backend">
      <UniqueIdentifier>{c58f04b2-b28e-45eb-a14b-b20e5c9ec21e}</UniqueIdentifier>
    </Filter>
    <Filter Include="Source Files\dynarmic\backend\x64">
      <UniqueIdentifier>{8bc227c2-8dda-4c11-ab16-e51a483c744f}</UniqueIdentifier>
    </Filter>
    <Filter Include="Source Files\common">
      <UniqueIdentifier>{590b91e7-d597-4144-8f90-34899a731f18}</UniqueIdentifier>
    </Filter>
    <Filter Include="Source Files\common\crypto">
      <UniqueIdentifier>{b7462fcf-5894-4ab2-a2c2-a284b0bb4659}</UniqueIdentifier>
    </Filter>
    <Filter Include="Source Files\common\fp">
      <UniqueIdentifier>{01b8c635-e1d3-4700-9b8f-ccf67aabc1d9}</UniqueIdentifier>
    </Filter>
    <Filter Include="Source Files\common\fp\op">
      <UniqueIdentifier>{de907679-0e9f-4797-b19b-4d1d5599d3a1}</UniqueIdentifier>
    </Filter>
    <Filter Include="Source Files\frontend">
      <UniqueIdentifier>{f21f9727-c7f5-4f42-b5c8-3ea9db64a403}</UniqueIdentifier>
    </Filter>
    <Filter Include="Source Files\frontend\A32">
      <UniqueIdentifier>{3172edaa-db89-4774-bd79-57f957c02631}</UniqueIdentifier>
    </Filter>
    <Filter Include="Source Files\frontend\A32\translate">
      <UniqueIdentifier>{ca01dfd5-4930-427d-a511-eea5d21e2065}</UniqueIdentifier>
    </Filter>
    <Filter Include="Source Files\frontend\A32\translate\impl">
      <UniqueIdentifier>{95c8b57d-a9de-4c18-8232-43ed586e652a}</UniqueIdentifier>
    </Filter>
    <Filter Include="Source Files\frontend\A64">
      <UniqueIdentifier>{aa0ac488-1996-44bb-9d37-fa751c58aa85}</UniqueIdentifier>
    </Filter>
    <Filter Include="Source Files\frontend\A64\translate">
      <UniqueIdentifier>{adba25c9-791e-4946-b426-1e8b1b519150}</UniqueIdentifier>
    </Filter>
    <Filter Include="Source Files\patch">
      <UniqueIdentifier>{e6cc1998-1afe-46e4-832c-fc39c6f5b1c9}</UniqueIdentifier>
    </Filter>
    <Filter Include="Header Files\patch">
      <UniqueIdentifier>{4bad9da8-645f-4d85-8f79-d6f66d2dc171}</UniqueIdentifier>
    </Filter>
    <Filter Include="Header Files\dynamic">
      <UniqueIdentifier>{314c0d19-20eb-480b-961e-eae5434e2b7b}</UniqueIdentifier>
    </Filter>
    <Filter Include="Header Files\dynamic\ir">
      <UniqueIdentifier>{e43c9baf-82fd-41f0-8a0f-5a71245e52b5}</UniqueIdentifier>
    </Filter>
    <Filter Include="Header Files\dynamic\ir\opt">
      <UniqueIdentifier>{39ebebb5-45df-4d64-a08e-623e487aa263}</UniqueIdentifier>
    </Filter>
    <Filter Include="Header Files\dynamic\backend">
      <UniqueIdentifier>{98c2e7dd-f483-45fd-8fb0-b0f65f433bd0}</UniqueIdentifier>
    </Filter>
    <Filter Include="Header Files\dynamic\common">
      <UniqueIdentifier>{b8bb236b-f856-4138-b47d-90af996e2a0d}</UniqueIdentifier>
    </Filter>
    <Filter Include="Header Files\dynamic\frontend">
      <UniqueIdentifier>{41e71169-caaf-438b-a3df-790c4acf1d7c}</UniqueIdentifier>
    </Filter>
    <Filter Include="Header Files\dynamic\interface">
      <UniqueIdentifier>{f377a2e2-6b90-4f97-a38e-66d2c906fae5}</UniqueIdentifier>
    </Filter>
    <Filter Include="Header Files\dynamic\backend\arm64">
      <UniqueIdentifier>{2245984f-408b-4848-841e-8bfa7db837dc}</UniqueIdentifier>
    </Filter>
    <Filter Include="Header Files\dynamic\backend\x64">
      <UniqueIdentifier>{6bb84a54-af77-4965-95dd-14664b419455}</UniqueIdentifier>
    </Filter>
    <Filter Include="Header Files\dynamic\common\crypto">
      <UniqueIdentifier>{02c45f6f-3028-4161-a768-fed74ff798b0}</UniqueIdentifier>
    </Filter>
    <Filter Include="Header Files\dynamic\common\fp">
      <UniqueIdentifier>{c694184d-55d8-4414-9f09-08a708e66a47}</UniqueIdentifier>
    </Filter>
    <Filter Include="Header Files\dynamic\common\fp\op">
      <UniqueIdentifier>{64e032da-fee1-47cd-9476-3afb4afae713}</UniqueIdentifier>
    </Filter>
    <Filter Include="Header Files\dynamic\frontend\A32">
      <UniqueIdentifier>{4d883c38-d833-4364-be01-62079452e02c}</UniqueIdentifier>
    </Filter>
    <Filter Include="Header Files\dynamic\frontend\A64">
      <UniqueIdentifier>{2782bb8a-a9b4-4c6f-b153-6e0ad5977b03}</UniqueIdentifier>
    </Filter>
    <Filter Include="Header Files\dynamic\frontend\decoder">
      <UniqueIdentifier>{5494e16d-c235-4025-97ff-cfcf2f172636}</UniqueIdentifier>
    </Filter>
    <Filter Include="Header Files\dynamic\frontend\A32\decoder">
      <UniqueIdentifier>{a327edb3-86f8-4d35-af51-ec198110663f}</UniqueIdentifier>
    </Filter>
    <Filter Include="Header Files\dynamic\frontend\A32\disassembler">
      <UniqueIdentifier>{2e9d25df-2376-47c4-a422-cdfea0b9b5f0}</UniqueIdentifier>
    </Filter>
    <Filter Include="Header Files\dynamic\frontend\A32\translate">
      <UniqueIdentifier>{12b8bea3-be02-453a-89ee-bc472cd0a8ed}</UniqueIdentifier>
    </Filter>
    <Filter Include="Header Files\dynamic\frontend\A32\translate\impl">
      <UniqueIdentifier>{da5ae0e7-bf47-4313-9eca-9076daef3310}</UniqueIdentifier>
    </Filter>
    <Filter Include="Header Files\dynamic\frontend\A64\decoder">
      <UniqueIdentifier>{934ebab1-5482-470d-9c8b-77fc1df56681}</UniqueIdentifier>
    </Filter>
    <Filter Include="Header Files\dynamic\frontend\A64\translate">
      <UniqueIdentifier>{3e1b111f-611c-4c7c-8c69-ad1372158b54}</UniqueIdentifier>
    </Filter>
    <Filter Include="Header Files\dynamic\frontend\A64\translate\imlp">
      <UniqueIdentifier>{44415947-29d9-46af-a755-07ef6723e589}</UniqueIdentifier>
    </Filter>
    <Filter Include="Header Files\dynamic\interface\A32">
      <UniqueIdentifier>{e9a975cf-6916-49cf-a444-ed136e36e522}</UniqueIdentifier>
    </Filter>
    <Filter Include="Header Files\dynamic\interface\A64">
      <UniqueIdentifier>{d4e6c058-ea11-4891-a067-8266180d3632}</UniqueIdentifier>
    </Filter>
  </ItemGroup>
  <ItemGroup>
    <ClInclude Include="..\nxemu-plugin-spec\Base.h">
      <Filter>Plugin Spec</Filter>
    </ClInclude>
    <ClInclude Include="..\nxemu-plugin-spec\Cpu.h">
      <Filter>Plugin Spec</Filter>
    </ClInclude>
    <ClInclude Include="patch\patch_collection.h">
      <Filter>Header Files\patch</Filter>
    </ClInclude>
    <ClInclude Include="dynarmic\ir\acc_type.h">
      <Filter>Header Files\dynamic\ir</Filter>
    </ClInclude>
    <ClInclude Include="dynarmic\ir\basic_block.h">
      <Filter>Header Files\dynamic\ir</Filter>
    </ClInclude>
    <ClInclude Include="dynarmic\ir\cond.h">
      <Filter>Header Files\dynamic\ir</Filter>
    </ClInclude>
    <ClInclude Include="dynarmic\ir\ir_emitter.h">
      <Filter>Header Files\dynamic\ir</Filter>
    </ClInclude>
    <ClInclude Include="dynarmic\ir\location_descriptor.h">
      <Filter>Header Files\dynamic\ir</Filter>
    </ClInclude>
    <ClInclude Include="dynarmic\ir\microinstruction.h">
      <Filter>Header Files\dynamic\ir</Filter>
    </ClInclude>
    <ClInclude Include="dynarmic\ir\opcodes.h">
      <Filter>Header Files\dynamic\ir</Filter>
    </ClInclude>
    <ClInclude Include="dynarmic\ir\terminal.h">
      <Filter>Header Files\dynamic\ir</Filter>
    </ClInclude>
    <ClInclude Include="dynarmic\ir\type.h">
      <Filter>Header Files\dynamic\ir</Filter>
    </ClInclude>
    <ClInclude Include="dynarmic\ir\value.h">
      <Filter>Header Files\dynamic\ir</Filter>
    </ClInclude>
    <ClInclude Include="dynarmic\ir\opt\ir_matcher.h">
      <Filter>Header Files\dynamic\ir\opt</Filter>
    </ClInclude>
    <ClInclude Include="dynarmic\ir\opt\passes.h">
      <Filter>Header Files\dynamic\ir\opt</Filter>
    </ClInclude>
    <ClInclude Include="dynarmic\backend\block_range_information.h">
      <Filter>Header Files\dynamic\backend</Filter>
    </ClInclude>
    <ClInclude Include="dynarmic\backend\exception_handler.h">
      <Filter>Header Files\dynamic\backend</Filter>
    </ClInclude>
    <ClInclude Include="dynarmic\backend\arm64\a32_address_space.h">
      <Filter>Header Files\dynamic\backend\arm64</Filter>
    </ClInclude>
    <ClInclude Include="dynarmic\backend\arm64\a32_core.h">
      <Filter>Header Files\dynamic\backend\arm64</Filter>
    </ClInclude>
    <ClInclude Include="dynarmic\backend\arm64\a32_jitstate.h">
      <Filter>Header Files\dynamic\backend\arm64</Filter>
    </ClInclude>
    <ClInclude Include="dynarmic\backend\arm64\a64_address_space.h">
      <Filter>Header Files\dynamic\backend\arm64</Filter>
    </ClInclude>
    <ClInclude Include="dynarmic\backend\arm64\a64_core.h">
      <Filter>Header Files\dynamic\backend\arm64</Filter>
    </ClInclude>
    <ClInclude Include="dynarmic\backend\arm64\a64_jitstate.h">
      <Filter>Header Files\dynamic\backend\arm64</Filter>
    </ClInclude>
    <ClInclude Include="dynarmic\backend\arm64\abi.h">
      <Filter>Header Files\dynamic\backend\arm64</Filter>
    </ClInclude>
    <ClInclude Include="dynarmic\backend\arm64\address_space.h">
      <Filter>Header Files\dynamic\backend\arm64</Filter>
    </ClInclude>
    <ClInclude Include="dynarmic\backend\arm64\devirtualize.h">
      <Filter>Header Files\dynamic\backend\arm64</Filter>
    </ClInclude>
    <ClInclude Include="dynarmic\backend\arm64\emit_arm64.h">
      <Filter>Header Files\dynamic\backend\arm64</Filter>
    </ClInclude>
    <ClInclude Include="dynarmic\backend\arm64\emit_arm64_memory.h">
      <Filter>Header Files\dynamic\backend\arm64</Filter>
    </ClInclude>
    <ClInclude Include="dynarmic\backend\arm64\emit_context.h">
      <Filter>Header Files\dynamic\backend\arm64</Filter>
    </ClInclude>
    <ClInclude Include="dynarmic\backend\arm64\fastmem.h">
      <Filter>Header Files\dynamic\backend\arm64</Filter>
    </ClInclude>
    <ClInclude Include="dynarmic\backend\arm64\fpsr_manager.h">
      <Filter>Header Files\dynamic\backend\arm64</Filter>
    </ClInclude>
    <ClInclude Include="dynarmic\backend\arm64\reg_alloc.h">
      <Filter>Header Files\dynamic\backend\arm64</Filter>
    </ClInclude>
    <ClInclude Include="dynarmic\backend\arm64\stack_layout.h">
      <Filter>Header Files\dynamic\backend\arm64</Filter>
    </ClInclude>
    <ClInclude Include="dynarmic\backend\arm64\verbose_debugging_output.h">
      <Filter>Header Files\dynamic\backend\arm64</Filter>
    </ClInclude>
    <ClInclude Include="dynarmic\backend\x64\a32_emit_x64.h">
      <Filter>Header Files\dynamic\backend\x64</Filter>
    </ClInclude>
    <ClInclude Include="dynarmic\backend\x64\a32_jitstate.h">
      <Filter>Header Files\dynamic\backend\x64</Filter>
    </ClInclude>
    <ClInclude Include="dynarmic\backend\x64\a64_emit_x64.h">
      <Filter>Header Files\dynamic\backend\x64</Filter>
    </ClInclude>
    <ClInclude Include="dynarmic\backend\x64\a64_jitstate.h">
      <Filter>Header Files\dynamic\backend\x64</Filter>
    </ClInclude>
    <ClInclude Include="dynarmic\backend\x64\abi.h">
      <Filter>Header Files\dynamic\backend\x64</Filter>
    </ClInclude>
    <ClInclude Include="dynarmic\backend\x64\block_of_code.h">
      <Filter>Header Files\dynamic\backend\x64</Filter>
    </ClInclude>
    <ClInclude Include="dynarmic\backend\x64\callback.h">
      <Filter>Header Files\dynamic\backend\x64</Filter>
    </ClInclude>
    <ClInclude Include="dynarmic\backend\x64\constant_pool.h">
      <Filter>Header Files\dynamic\backend\x64</Filter>
    </ClInclude>
    <ClInclude Include="dynarmic\backend\x64\constants.h">
      <Filter>Header Files\dynamic\backend\x64</Filter>
    </ClInclude>
    <ClInclude Include="dynarmic\backend\x64\devirtualize.h">
      <Filter>Header Files\dynamic\backend\x64</Filter>
    </ClInclude>
    <ClInclude Include="dynarmic\backend\x64\emit_x64.h">
      <Filter>Header Files\dynamic\backend\x64</Filter>
    </ClInclude>
    <ClInclude Include="dynarmic\backend\x64\emit_x64_memory.h">
      <Filter>Header Files\dynamic\backend\x64</Filter>
    </ClInclude>
    <ClInclude Include="dynarmic\backend\x64\exclusive_monitor_friend.h">
      <Filter>Header Files\dynamic\backend\x64</Filter>
    </ClInclude>
    <ClInclude Include="dynarmic\backend\x64\host_feature.h">
      <Filter>Header Files\dynamic\backend\x64</Filter>
    </ClInclude>
    <ClInclude Include="dynarmic\backend\x64\hostloc.h">
      <Filter>Header Files\dynamic\backend\x64</Filter>
    </ClInclude>
    <ClInclude Include="dynarmic\backend\x64\jitstate_info.h">
      <Filter>Header Files\dynamic\backend\x64</Filter>
    </ClInclude>
    <ClInclude Include="dynarmic\backend\x64\nzcv_util.h">
      <Filter>Header Files\dynamic\backend\x64</Filter>
    </ClInclude>
    <ClInclude Include="dynarmic\backend\x64\oparg.h">
      <Filter>Header Files\dynamic\backend\x64</Filter>
    </ClInclude>
    <ClInclude Include="dynarmic\backend\x64\perf_map.h">
      <Filter>Header Files\dynamic\backend\x64</Filter>
    </ClInclude>
    <ClInclude Include="dynarmic\backend\x64\reg_alloc.h">
      <Filter>Header Files\dynamic\backend\x64</Filter>
    </ClInclude>
    <ClInclude Include="dynarmic\backend\x64\stack_layout.h">
      <Filter>Header Files\dynamic\backend\x64</Filter>
    </ClInclude>
    <ClInclude Include="dynarmic\backend\x64\verbose_debugging_output.h">
      <Filter>Header Files\dynamic\backend\x64</Filter>
    </ClInclude>
    <ClInclude Include="dynarmic\common\always_false.h">
      <Filter>Header Files\dynamic\common</Filter>
    </ClInclude>
    <ClInclude Include="dynarmic\common\atomic.h">
      <Filter>Header Files\dynamic\common</Filter>
    </ClInclude>
    <ClInclude Include="dynarmic\common\cast_util.h">
      <Filter>Header Files\dynamic\common</Filter>
    </ClInclude>
    <ClInclude Include="dynarmic\common\llvm_disassemble.h">
      <Filter>Header Files\dynamic\common</Filter>
    </ClInclude>
    <ClInclude Include="dynarmic\common\lut_from_list.h">
      <Filter>Header Files\dynamic\common</Filter>
    </ClInclude>
    <ClInclude Include="dynarmic\common\math_util.h">
      <Filter>Header Files\dynamic\common</Filter>
    </ClInclude>
    <ClInclude Include="dynarmic\common\memory_pool.h">
      <Filter>Header Files\dynamic\common</Filter>
    </ClInclude>
    <ClInclude Include="dynarmic\common\safe_ops.h">
      <Filter>Header Files\dynamic\common</Filter>
    </ClInclude>
    <ClInclude Include="dynarmic\common\spin_lock.h">
      <Filter>Header Files\dynamic\common</Filter>
    </ClInclude>
    <ClInclude Include="dynarmic\common\spin_lock_arm64.h">
      <Filter>Header Files\dynamic\common</Filter>
    </ClInclude>
    <ClInclude Include="dynarmic\common\spin_lock_x64.h">
      <Filter>Header Files\dynamic\common</Filter>
    </ClInclude>
    <ClInclude Include="dynarmic\common\string_util.h">
      <Filter>Header Files\dynamic\common</Filter>
    </ClInclude>
    <ClInclude Include="dynarmic\common\u128.h">
      <Filter>Header Files\dynamic\common</Filter>
    </ClInclude>
    <ClInclude Include="dynarmic\common\variant_util.h">
      <Filter>Header Files\dynamic\common</Filter>
    </ClInclude>
    <ClInclude Include="dynarmic\common\x64_disassemble.h">
      <Filter>Header Files\dynamic\common</Filter>
    </ClInclude>
    <ClInclude Include="dynarmic\common\crypto\aes.h">
      <Filter>Header Files\dynamic\common\crypto</Filter>
    </ClInclude>
    <ClInclude Include="dynarmic\common\crypto\crc32.h">
      <Filter>Header Files\dynamic\common\crypto</Filter>
    </ClInclude>
    <ClInclude Include="dynarmic\common\crypto\sm4.h">
      <Filter>Header Files\dynamic\common\crypto</Filter>
    </ClInclude>
    <ClInclude Include="dynarmic\common\fp\fpcr.h">
      <Filter>Header Files\dynamic\common\fp</Filter>
    </ClInclude>
    <ClInclude Include="dynarmic\common\fp\fpsr.h">
      <Filter>Header Files\dynamic\common\fp</Filter>
    </ClInclude>
    <ClInclude Include="dynarmic\common\fp\fused.h">
      <Filter>Header Files\dynamic\common\fp</Filter>
    </ClInclude>
    <ClInclude Include="dynarmic\common\fp\info.h">
      <Filter>Header Files\dynamic\common\fp</Filter>
    </ClInclude>
    <ClInclude Include="dynarmic\common\fp\mantissa_util.h">
      <Filter>Header Files\dynamic\common\fp</Filter>
    </ClInclude>
    <ClInclude Include="dynarmic\common\fp\op.h">
      <Filter>Header Files\dynamic\common\fp</Filter>
    </ClInclude>
    <ClInclude Include="dynarmic\common\fp\process_exception.h">
      <Filter>Header Files\dynamic\common\fp</Filter>
    </ClInclude>
    <ClInclude Include="dynarmic\common\fp\process_nan.h">
      <Filter>Header Files\dynamic\common\fp</Filter>
    </ClInclude>
    <ClInclude Include="dynarmic\common\fp\rounding_mode.h">
      <Filter>Header Files\dynamic\common\fp</Filter>
    </ClInclude>
    <ClInclude Include="dynarmic\common\fp\unpacked.h">
      <Filter>Header Files\dynamic\common\fp</Filter>
    </ClInclude>
    <ClInclude Include="dynarmic\common\fp\util.h">
      <Filter>Header Files\dynamic\common\fp</Filter>
    </ClInclude>
    <ClInclude Include="dynarmic\common\fp\op\FPCompare.h">
      <Filter>Header Files\dynamic\common\fp\op</Filter>
    </ClInclude>
    <ClInclude Include="dynarmic\common\fp\op\FPConvert.h">
      <Filter>Header Files\dynamic\common\fp\op</Filter>
    </ClInclude>
    <ClInclude Include="dynarmic\common\fp\op\FPMulAdd.h">
      <Filter>Header Files\dynamic\common\fp\op</Filter>
    </ClInclude>
    <ClInclude Include="dynarmic\common\fp\op\FPNeg.h">
      <Filter>Header Files\dynamic\common\fp\op</Filter>
    </ClInclude>
    <ClInclude Include="dynarmic\common\fp\op\FPRecipEstimate.h">
      <Filter>Header Files\dynamic\common\fp\op</Filter>
    </ClInclude>
    <ClInclude Include="dynarmic\common\fp\op\FPRecipExponent.h">
      <Filter>Header Files\dynamic\common\fp\op</Filter>
    </ClInclude>
    <ClInclude Include="dynarmic\common\fp\op\FPRecipStepFused.h">
      <Filter>Header Files\dynamic\common\fp\op</Filter>
    </ClInclude>
    <ClInclude Include="dynarmic\common\fp\op\FPRoundInt.h">
      <Filter>Header Files\dynamic\common\fp\op</Filter>
    </ClInclude>
    <ClInclude Include="dynarmic\common\fp\op\FPRSqrtEstimate.h">
      <Filter>Header Files\dynamic\common\fp\op</Filter>
    </ClInclude>
    <ClInclude Include="dynarmic\common\fp\op\FPRSqrtStepFused.h">
      <Filter>Header Files\dynamic\common\fp\op</Filter>
    </ClInclude>
    <ClInclude Include="dynarmic\common\fp\op\FPToFixed.h">
      <Filter>Header Files\dynamic\common\fp\op</Filter>
    </ClInclude>
    <ClInclude Include="dynarmic\frontend\imm.h">
      <Filter>Header Files\dynamic\frontend</Filter>
    </ClInclude>
    <ClInclude Include="dynarmic\frontend\A32\a32_ir_emitter.h">
      <Filter>Header Files\dynamic\frontend\A32</Filter>
    </ClInclude>
    <ClInclude Include="dynarmic\frontend\A32\a32_location_descriptor.h">
      <Filter>Header Files\dynamic\frontend\A32</Filter>
    </ClInclude>
    <ClInclude Include="dynarmic\frontend\A32\a32_types.h">
      <Filter>Header Files\dynamic\frontend\A32</Filter>
    </ClInclude>
    <ClInclude Include="dynarmic\frontend\A32\FPSCR.h">
      <Filter>Header Files\dynamic\frontend\A32</Filter>
    </ClInclude>
    <ClInclude Include="dynarmic\frontend\A32\ITState.h">
      <Filter>Header Files\dynamic\frontend\A32</Filter>
    </ClInclude>
    <ClInclude Include="dynarmic\frontend\A32\PSR.h">
      <Filter>Header Files\dynamic\frontend\A32</Filter>
    </ClInclude>
    <ClInclude Include="dynarmic\frontend\A32\decoder\arm.h">
      <Filter>Header Files\dynamic\frontend\A32\decoder</Filter>
    </ClInclude>
    <ClInclude Include="dynarmic\frontend\A32\decoder\asimd.h">
      <Filter>Header Files\dynamic\frontend\A32\decoder</Filter>
    </ClInclude>
    <ClInclude Include="dynarmic\frontend\A32\decoder\thumb16.h">
      <Filter>Header Files\dynamic\frontend\A32\decoder</Filter>
    </ClInclude>
    <ClInclude Include="dynarmic\frontend\A32\decoder\thumb32.h">
      <Filter>Header Files\dynamic\frontend\A32\decoder</Filter>
    </ClInclude>
    <ClInclude Include="dynarmic\frontend\A32\decoder\vfp.h">
      <Filter>Header Files\dynamic\frontend\A32\decoder</Filter>
    </ClInclude>
    <ClInclude Include="dynarmic\frontend\A32\translate\a32_translate.h">
      <Filter>Header Files\dynamic\frontend\A32\translate</Filter>
    </ClInclude>
    <ClInclude Include="dynarmic\frontend\A32\translate\conditional_state.h">
      <Filter>Header Files\dynamic\frontend\A32\translate</Filter>
    </ClInclude>
    <ClInclude Include="dynarmic\frontend\A32\translate\translate_callbacks.h">
      <Filter>Header Files\dynamic\frontend\A32\translate</Filter>
    </ClInclude>
    <ClInclude Include="dynarmic\frontend\A32\disassembler\disassembler.h">
      <Filter>Header Files\dynamic\frontend\A32\disassembler</Filter>
    </ClInclude>
    <ClInclude Include="dynarmic\frontend\A32\translate\impl\a32_translate_impl.h">
      <Filter>Header Files\dynamic\frontend\A32\translate\impl</Filter>
    </ClInclude>
    <ClInclude Include="dynarmic\frontend\A64\a64_ir_emitter.h">
      <Filter>Header Files\dynamic\frontend\A64</Filter>
    </ClInclude>
    <ClInclude Include="dynarmic\frontend\A64\a64_location_descriptor.h">
      <Filter>Header Files\dynamic\frontend\A64</Filter>
    </ClInclude>
    <ClInclude Include="dynarmic\frontend\A64\a64_types.h">
      <Filter>Header Files\dynamic\frontend\A64</Filter>
    </ClInclude>
    <ClInclude Include="dynarmic\frontend\A64\decoder\a64.h">
      <Filter>Header Files\dynamic\frontend\A64\decoder</Filter>
    </ClInclude>
    <ClInclude Include="dynarmic\frontend\A64\translate\a64_translate.h">
      <Filter>Header Files\dynamic\frontend\A64\translate</Filter>
    </ClInclude>
    <ClInclude Include="dynarmic\frontend\A64\translate\impl\impl.h">
      <Filter>Header Files\dynamic\frontend\A64\translate\imlp</Filter>
    </ClInclude>
    <ClInclude Include="dynarmic\frontend\decoder\decoder_detail.h">
      <Filter>Header Files\dynamic\frontend\decoder</Filter>
    </ClInclude>
    <ClInclude Include="dynarmic\frontend\decoder\matcher.h">
      <Filter>Header Files\dynamic\frontend\decoder</Filter>
    </ClInclude>
    <ClInclude Include="dynarmic\interface\A32\a32.h">
      <Filter>Header Files\dynamic\interface\A32</Filter>
    </ClInclude>
    <ClInclude Include="dynarmic\interface\A32\arch_version.h">
      <Filter>Header Files\dynamic\interface\A32</Filter>
    </ClInclude>
    <ClInclude Include="dynarmic\interface\A32\config.h">
      <Filter>Header Files\dynamic\interface\A32</Filter>
    </ClInclude>
    <ClInclude Include="dynarmic\interface\A32\coprocessor.h">
      <Filter>Header Files\dynamic\interface\A32</Filter>
    </ClInclude>
    <ClInclude Include="dynarmic\interface\A32\coprocessor_util.h">
      <Filter>Header Files\dynamic\interface\A32</Filter>
    </ClInclude>
    <ClInclude Include="dynarmic\interface\A32\disassembler.h">
      <Filter>Header Files\dynamic\interface\A32</Filter>
    </ClInclude>
    <ClInclude Include="dynarmic\interface\A64\a64.h">
      <Filter>Header Files\dynamic\interface\A64</Filter>
    </ClInclude>
    <ClInclude Include="dynarmic\interface\A64\config.h">
      <Filter>Header Files\dynamic\interface\A64</Filter>
    </ClInclude>
  </ItemGroup>
  <ItemGroup>
    <ClCompile Include="arm_dynarmic_64.cpp">
      <Filter>Source Files</Filter>
    </ClCompile>
    <ClCompile Include="nxemu-cpu.cpp">
      <Filter>Source Files</Filter>
    </ClCompile>
    <ClCompile Include="dynarmic\backend\block_range_information.cpp">
      <Filter>Source Files\dynarmic\backend</Filter>
    </ClCompile>
    <ClCompile Include="dynarmic\backend\x64\a32_emit_x64.cpp">
      <Filter>Source Files\dynarmic\backend\x64</Filter>
    </ClCompile>
    <ClCompile Include="dynarmic\backend\x64\a32_emit_x64_memory.cpp">
      <Filter>Source Files\dynarmic\backend\x64</Filter>
    </ClCompile>
    <ClCompile Include="dynarmic\backend\x64\a32_interface.cpp">
      <Filter>Source Files\dynarmic\backend\x64</Filter>
    </ClCompile>
    <ClCompile Include="dynarmic\backend\x64\a32_jitstate.cpp">
      <Filter>Source Files\dynarmic\backend\x64</Filter>
    </ClCompile>
    <ClCompile Include="dynarmic\backend\x64\a64_emit_x64.cpp">
      <Filter>Source Files\dynarmic\backend\x64</Filter>
    </ClCompile>
    <ClCompile Include="dynarmic\backend\x64\a64_emit_x64_memory.cpp">
      <Filter>Source Files\dynarmic\backend\x64</Filter>
    </ClCompile>
    <ClCompile Include="dynarmic\backend\x64\a64_interface.cpp">
      <Filter>Source Files\dynarmic\backend\x64</Filter>
    </ClCompile>
    <ClCompile Include="dynarmic\backend\x64\a64_jitstate.cpp">
      <Filter>Source Files\dynarmic\backend\x64</Filter>
    </ClCompile>
    <ClCompile Include="dynarmic\backend\x64\abi.cpp">
      <Filter>Source Files\dynarmic\backend\x64</Filter>
    </ClCompile>
    <ClCompile Include="dynarmic\backend\x64\block_of_code.cpp">
      <Filter>Source Files\dynarmic\backend\x64</Filter>
    </ClCompile>
    <ClCompile Include="dynarmic\backend\x64\callback.cpp">
      <Filter>Source Files\dynarmic\backend\x64</Filter>
    </ClCompile>
    <ClCompile Include="dynarmic\backend\x64\constant_pool.cpp">
      <Filter>Source Files\dynarmic\backend\x64</Filter>
    </ClCompile>
    <ClCompile Include="dynarmic\backend\x64\emit_x64.cpp">
      <Filter>Source Files\dynarmic\backend\x64</Filter>
    </ClCompile>
    <ClCompile Include="dynarmic\backend\x64\emit_x64_aes.cpp">
      <Filter>Source Files\dynarmic\backend\x64</Filter>
    </ClCompile>
    <ClCompile Include="dynarmic\backend\x64\emit_x64_crc32.cpp">
      <Filter>Source Files\dynarmic\backend\x64</Filter>
    </ClCompile>
    <ClCompile Include="dynarmic\backend\x64\emit_x64_data_processing.cpp">
      <Filter>Source Files\dynarmic\backend\x64</Filter>
    </ClCompile>
    <ClCompile Include="dynarmic\backend\x64\emit_x64_floating_point.cpp">
      <Filter>Source Files\dynarmic\backend\x64</Filter>
    </ClCompile>
    <ClCompile Include="dynarmic\backend\x64\emit_x64_packed.cpp">
      <Filter>Source Files\dynarmic\backend\x64</Filter>
    </ClCompile>
    <ClCompile Include="dynarmic\backend\x64\emit_x64_saturation.cpp">
      <Filter>Source Files\dynarmic\backend\x64</Filter>
    </ClCompile>
    <ClCompile Include="dynarmic\backend\x64\emit_x64_sha.cpp">
      <Filter>Source Files\dynarmic\backend\x64</Filter>
    </ClCompile>
    <ClCompile Include="dynarmic\backend\x64\emit_x64_sm4.cpp">
      <Filter>Source Files\dynarmic\backend\x64</Filter>
    </ClCompile>
    <ClCompile Include="dynarmic\backend\x64\emit_x64_vector.cpp">
      <Filter>Source Files\dynarmic\backend\x64</Filter>
    </ClCompile>
    <ClCompile Include="dynarmic\backend\x64\emit_x64_vector_floating_point.cpp">
      <Filter>Source Files\dynarmic\backend\x64</Filter>
    </ClCompile>
    <ClCompile Include="dynarmic\backend\x64\emit_x64_vector_saturation.cpp">
      <Filter>Source Files\dynarmic\backend\x64</Filter>
    </ClCompile>
    <ClCompile Include="dynarmic\backend\x64\exception_handler_windows.cpp">
      <Filter>Source Files\dynarmic\backend\x64</Filter>
    </ClCompile>
    <ClCompile Include="dynarmic\backend\x64\exclusive_monitor.cpp">
      <Filter>Source Files\dynarmic\backend\x64</Filter>
    </ClCompile>
    <ClCompile Include="dynarmic\backend\x64\hostloc.cpp">
      <Filter>Source Files\dynarmic\backend\x64</Filter>
    </ClCompile>
    <ClCompile Include="dynarmic\backend\x64\perf_map.cpp">
      <Filter>Source Files\dynarmic\backend\x64</Filter>
    </ClCompile>
    <ClCompile Include="dynarmic\backend\x64\reg_alloc.cpp">
      <Filter>Source Files\dynarmic\backend\x64</Filter>
    </ClCompile>
    <ClCompile Include="dynarmic\backend\x64\verbose_debugging_output.cpp">
      <Filter>Source Files\dynarmic\backend\x64</Filter>
    </ClCompile>
    <ClCompile Include="dynarmic\common\math_util.cpp">
      <Filter>Source Files\common</Filter>
    </ClCompile>
    <ClCompile Include="dynarmic\common\memory_pool.cpp">
      <Filter>Source Files\common</Filter>
    </ClCompile>
    <ClCompile Include="dynarmic\common\spin_lock_x64.cpp">
      <Filter>Source Files\common</Filter>
    </ClCompile>
    <ClCompile Include="dynarmic\common\u128.cpp">
      <Filter>Source Files\common</Filter>
    </ClCompile>
    <ClCompile Include="dynarmic\common\x64_disassemble.cpp">
      <Filter>Source Files\common</Filter>
    </ClCompile>
    <ClCompile Include="dynarmic\common\crypto\aes.cpp">
      <Filter>Source Files\common\crypto</Filter>
    </ClCompile>
    <ClCompile Include="dynarmic\common\crypto\crc32.cpp">
      <Filter>Source Files\common\crypto</Filter>
    </ClCompile>
    <ClCompile Include="dynarmic\common\crypto\sm4.cpp">
      <Filter>Source Files\common\crypto</Filter>
    </ClCompile>
    <ClCompile Include="dynarmic\common\fp\fused.cpp">
      <Filter>Source Files\common\fp</Filter>
    </ClCompile>
    <ClCompile Include="dynarmic\common\fp\process_exception.cpp">
      <Filter>Source Files\common\fp</Filter>
    </ClCompile>
    <ClCompile Include="dynarmic\common\fp\process_nan.cpp">
      <Filter>Source Files\common\fp</Filter>
    </ClCompile>
    <ClCompile Include="dynarmic\common\fp\unpacked.cpp">
      <Filter>Source Files\common\fp</Filter>
    </ClCompile>
    <ClCompile Include="dynarmic\common\fp\op\FPCompare.cpp">
      <Filter>Source Files\common\fp\op</Filter>
    </ClCompile>
    <ClCompile Include="dynarmic\common\fp\op\FPConvert.cpp">
      <Filter>Source Files\common\fp\op</Filter>
    </ClCompile>
    <ClCompile Include="dynarmic\common\fp\op\FPMulAdd.cpp">
      <Filter>Source Files\common\fp\op</Filter>
    </ClCompile>
    <ClCompile Include="dynarmic\common\fp\op\FPRecipEstimate.cpp">
      <Filter>Source Files\common\fp\op</Filter>
    </ClCompile>
    <ClCompile Include="dynarmic\common\fp\op\FPRecipExponent.cpp">
      <Filter>Source Files\common\fp\op</Filter>
    </ClCompile>
    <ClCompile Include="dynarmic\common\fp\op\FPRecipStepFused.cpp">
      <Filter>Source Files\common\fp\op</Filter>
    </ClCompile>
    <ClCompile Include="dynarmic\common\fp\op\FPRoundInt.cpp">
      <Filter>Source Files\common\fp\op</Filter>
    </ClCompile>
    <ClCompile Include="dynarmic\common\fp\op\FPRSqrtEstimate.cpp">
      <Filter>Source Files\common\fp\op</Filter>
    </ClCompile>
    <ClCompile Include="dynarmic\common\fp\op\FPRSqrtStepFused.cpp">
      <Filter>Source Files\common\fp\op</Filter>
    </ClCompile>
    <ClCompile Include="dynarmic\common\fp\op\FPToFixed.cpp">
      <Filter>Source Files\common\fp\op</Filter>
    </ClCompile>
    <ClCompile Include="dynarmic\frontend\imm.cpp">
      <Filter>Source Files\frontend</Filter>
    </ClCompile>
    <ClCompile Include="dynarmic\frontend\A32\translate\impl\a32_branch.cpp">
      <Filter>Source Files\frontend\A32\translate\impl</Filter>
    </ClCompile>
    <ClCompile Include="dynarmic\frontend\A32\translate\impl\a32_crc32.cpp">
      <Filter>Source Files\frontend\A32\translate\impl</Filter>
    </ClCompile>
    <ClCompile Include="dynarmic\frontend\A32\translate\impl\a32_exception_generating.cpp">
      <Filter>Source Files\frontend\A32\translate\impl</Filter>
    </ClCompile>
    <ClCompile Include="dynarmic\frontend\A32\translate\impl\a32_translate_impl.cpp">
      <Filter>Source Files\frontend\A32\translate\impl</Filter>
    </ClCompile>
    <ClCompile Include="dynarmic\frontend\A32\translate\impl\asimd_load_store_structures.cpp">
      <Filter>Source Files\frontend\A32\translate\impl</Filter>
    </ClCompile>
    <ClCompile Include="dynarmic\frontend\A32\translate\impl\asimd_misc.cpp">
      <Filter>Source Files\frontend\A32\translate\impl</Filter>
    </ClCompile>
    <ClCompile Include="dynarmic\frontend\A32\translate\impl\asimd_one_reg_modified_immediate.cpp">
      <Filter>Source Files\frontend\A32\translate\impl</Filter>
    </ClCompile>
    <ClCompile Include="dynarmic\frontend\A32\translate\impl\asimd_three_regs.cpp">
      <Filter>Source Files\frontend\A32\translate\impl</Filter>
    </ClCompile>
    <ClCompile Include="dynarmic\frontend\A32\translate\impl\asimd_two_regs_misc.cpp">
      <Filter>Source Files\frontend\A32\translate\impl</Filter>
    </ClCompile>
    <ClCompile Include="dynarmic\frontend\A32\translate\impl\asimd_two_regs_scalar.cpp">
      <Filter>Source Files\frontend\A32\translate\impl</Filter>
    </ClCompile>
    <ClCompile Include="dynarmic\frontend\A32\translate\impl\asimd_two_regs_shift.cpp">
      <Filter>Source Files\frontend\A32\translate\impl</Filter>
    </ClCompile>
    <ClCompile Include="dynarmic\frontend\A32\translate\impl\barrier.cpp">
      <Filter>Source Files\frontend\A32\translate\impl</Filter>
    </ClCompile>
    <ClCompile Include="dynarmic\frontend\A32\translate\impl\coprocessor.cpp">
      <Filter>Source Files\frontend\A32\translate\impl</Filter>
    </ClCompile>
    <ClCompile Include="dynarmic\frontend\A32\translate\impl\data_processing.cpp">
      <Filter>Source Files\frontend\A32\translate\impl</Filter>
    </ClCompile>
    <ClCompile Include="dynarmic\frontend\A32\translate\impl\divide.cpp">
      <Filter>Source Files\frontend\A32\translate\impl</Filter>
    </ClCompile>
    <ClCompile Include="dynarmic\frontend\A32\translate\impl\extension.cpp">
      <Filter>Source Files\frontend\A32\translate\impl</Filter>
    </ClCompile>
    <ClCompile Include="dynarmic\frontend\A32\translate\impl\hint.cpp">
      <Filter>Source Files\frontend\A32\translate\impl</Filter>
    </ClCompile>
    <ClCompile Include="dynarmic\frontend\A32\translate\impl\load_store.cpp">
      <Filter>Source Files\frontend\A32\translate\impl</Filter>
    </ClCompile>
    <ClCompile Include="dynarmic\frontend\A32\translate\impl\misc.cpp">
      <Filter>Source Files\frontend\A32\translate\impl</Filter>
    </ClCompile>
    <ClCompile Include="dynarmic\frontend\A32\translate\impl\multiply.cpp">
      <Filter>Source Files\frontend\A32\translate\impl</Filter>
    </ClCompile>
    <ClCompile Include="dynarmic\frontend\A32\translate\impl\packing.cpp">
      <Filter>Source Files\frontend\A32\translate\impl</Filter>
    </ClCompile>
    <ClCompile Include="dynarmic\frontend\A32\translate\impl\parallel.cpp">
      <Filter>Source Files\frontend\A32\translate\impl</Filter>
    </ClCompile>
    <ClCompile Include="dynarmic\frontend\A32\translate\impl\reversal.cpp">
      <Filter>Source Files\frontend\A32\translate\impl</Filter>
    </ClCompile>
    <ClCompile Include="dynarmic\frontend\A32\translate\impl\saturated.cpp">
      <Filter>Source Files\frontend\A32\translate\impl</Filter>
    </ClCompile>
    <ClCompile Include="dynarmic\frontend\A32\translate\impl\status_register_access.cpp">
      <Filter>Source Files\frontend\A32\translate\impl</Filter>
    </ClCompile>
    <ClCompile Include="dynarmic\frontend\A32\translate\impl\synchronization.cpp">
      <Filter>Source Files\frontend\A32\translate\impl</Filter>
    </ClCompile>
    <ClCompile Include="dynarmic\frontend\A32\translate\impl\thumb16.cpp">
      <Filter>Source Files\frontend\A32\translate\impl</Filter>
    </ClCompile>
    <ClCompile Include="dynarmic\frontend\A32\translate\impl\thumb32_branch.cpp">
      <Filter>Source Files\frontend\A32\translate\impl</Filter>
    </ClCompile>
    <ClCompile Include="dynarmic\frontend\A32\translate\impl\thumb32_control.cpp">
      <Filter>Source Files\frontend\A32\translate\impl</Filter>
    </ClCompile>
    <ClCompile Include="dynarmic\frontend\A32\translate\impl\thumb32_coprocessor.cpp">
      <Filter>Source Files\frontend\A32\translate\impl</Filter>
    </ClCompile>
    <ClCompile Include="dynarmic\frontend\A32\translate\impl\thumb32_data_processing_modified_immediate.cpp">
      <Filter>Source Files\frontend\A32\translate\impl</Filter>
    </ClCompile>
    <ClCompile Include="dynarmic\frontend\A32\translate\impl\thumb32_data_processing_plain_binary_immediate.cpp">
      <Filter>Source Files\frontend\A32\translate\impl</Filter>
    </ClCompile>
    <ClCompile Include="dynarmic\frontend\A32\translate\impl\thumb32_data_processing_register.cpp">
      <Filter>Source Files\frontend\A32\translate\impl</Filter>
    </ClCompile>
    <ClCompile Include="dynarmic\frontend\A32\translate\impl\thumb32_data_processing_shifted_register.cpp">
      <Filter>Source Files\frontend\A32\translate\impl</Filter>
    </ClCompile>
    <ClCompile Include="dynarmic\frontend\A32\translate\impl\thumb32_load_byte.cpp">
      <Filter>Source Files\frontend\A32\translate\impl</Filter>
    </ClCompile>
    <ClCompile Include="dynarmic\frontend\A32\translate\impl\thumb32_load_halfword.cpp">
      <Filter>Source Files\frontend\A32\translate\impl</Filter>
    </ClCompile>
    <ClCompile Include="dynarmic\frontend\A32\translate\impl\thumb32_load_store_dual.cpp">
      <Filter>Source Files\frontend\A32\translate\impl</Filter>
    </ClCompile>
    <ClCompile Include="dynarmic\frontend\A32\translate\impl\thumb32_load_store_multiple.cpp">
      <Filter>Source Files\frontend\A32\translate\impl</Filter>
    </ClCompile>
    <ClCompile Include="dynarmic\frontend\A32\translate\impl\thumb32_load_word.cpp">
      <Filter>Source Files\frontend\A32\translate\impl</Filter>
    </ClCompile>
    <ClCompile Include="dynarmic\frontend\A32\translate\impl\thumb32_long_multiply.cpp">
      <Filter>Source Files\frontend\A32\translate\impl</Filter>
    </ClCompile>
    <ClCompile Include="dynarmic\frontend\A32\translate\impl\thumb32_misc.cpp">
      <Filter>Source Files\frontend\A32\translate\impl</Filter>
    </ClCompile>
    <ClCompile Include="dynarmic\frontend\A32\translate\impl\thumb32_multiply.cpp">
      <Filter>Source Files\frontend\A32\translate\impl</Filter>
    </ClCompile>
    <ClCompile Include="dynarmic\frontend\A32\translate\impl\thumb32_parallel.cpp">
      <Filter>Source Files\frontend\A32\translate\impl</Filter>
    </ClCompile>
    <ClCompile Include="dynarmic\frontend\A32\translate\impl\thumb32_store_single_data_item.cpp">
      <Filter>Source Files\frontend\A32\translate\impl</Filter>
    </ClCompile>
    <ClCompile Include="dynarmic\frontend\A32\translate\impl\vfp.cpp">
      <Filter>Source Files\frontend\A32\translate\impl</Filter>
    </ClCompile>
    <ClCompile Include="dynarmic\frontend\A32\translate\a32_translate.cpp">
      <Filter>Source Files\frontend\A32\translate</Filter>
    </ClCompile>
    <ClCompile Include="dynarmic\frontend\A32\translate\conditional_state.cpp">
      <Filter>Source Files\frontend\A32\translate</Filter>
    </ClCompile>
    <ClCompile Include="dynarmic\frontend\A32\translate\translate_arm.cpp">
      <Filter>Source Files\frontend\A32\translate</Filter>
    </ClCompile>
    <ClCompile Include="dynarmic\frontend\A32\translate\translate_thumb.cpp">
      <Filter>Source Files\frontend\A32\translate</Filter>
    </ClCompile>
    <ClCompile Include="dynarmic\frontend\A32\a32_ir_emitter.cpp">
      <Filter>Source Files\frontend\A32</Filter>
    </ClCompile>
    <ClCompile Include="dynarmic\frontend\A32\a32_location_descriptor.cpp">
      <Filter>Source Files\frontend\A32</Filter>
    </ClCompile>
    <ClCompile Include="dynarmic\frontend\A32\a32_types.cpp">
      <Filter>Source Files\frontend\A32</Filter>
    </ClCompile>
    <ClCompile Include="dynarmic\frontend\A64\a64_ir_emitter.cpp">
      <Filter>Source Files\frontend\A64</Filter>
    </ClCompile>
    <ClCompile Include="dynarmic\frontend\A64\a64_location_descriptor.cpp">
      <Filter>Source Files\frontend\A64</Filter>
    </ClCompile>
    <ClCompile Include="dynarmic\frontend\A64\a64_types.cpp">
      <Filter>Source Files\frontend\A64</Filter>
    </ClCompile>
    <ClCompile Include="dynarmic\frontend\A64\translate\a64_translate.cpp">
      <Filter>Source Files\frontend\A64\translate</Filter>
    </ClCompile>
    <ClCompile Include="dynarmic\frontend\A64\translate\impl\a64_branch.cpp">
      <Filter>Source Files\frontend\A64\translate</Filter>
    </ClCompile>
    <ClCompile Include="dynarmic\frontend\A64\translate\impl\a64_exception_generating.cpp">
      <Filter>Source Files\frontend\A64\translate</Filter>
    </ClCompile>
    <ClCompile Include="dynarmic\frontend\A64\translate\impl\data_processing_addsub.cpp">
      <Filter>Source Files\frontend\A64\translate</Filter>
    </ClCompile>
    <ClCompile Include="dynarmic\frontend\A64\translate\impl\data_processing_bitfield.cpp">
      <Filter>Source Files\frontend\A64\translate</Filter>
    </ClCompile>
    <ClCompile Include="dynarmic\frontend\A64\translate\impl\data_processing_conditional_compare.cpp">
      <Filter>Source Files\frontend\A64\translate</Filter>
    </ClCompile>
    <ClCompile Include="dynarmic\frontend\A64\translate\impl\data_processing_conditional_select.cpp">
      <Filter>Source Files\frontend\A64\translate</Filter>
    </ClCompile>
    <ClCompile Include="dynarmic\frontend\A64\translate\impl\data_processing_crc32.cpp">
      <Filter>Source Files\frontend\A64\translate</Filter>
    </ClCompile>
    <ClCompile Include="dynarmic\frontend\A64\translate\impl\data_processing_logical.cpp">
      <Filter>Source Files\frontend\A64\translate</Filter>
    </ClCompile>
    <ClCompile Include="dynarmic\frontend\A64\translate\impl\data_processing_multiply.cpp">
      <Filter>Source Files\frontend\A64\translate</Filter>
    </ClCompile>
    <ClCompile Include="dynarmic\frontend\A64\translate\impl\data_processing_pcrel.cpp">
      <Filter>Source Files\frontend\A64\translate</Filter>
    </ClCompile>
    <ClCompile Include="dynarmic\frontend\A64\translate\impl\data_processing_register.cpp">
      <Filter>Source Files\frontend\A64\translate</Filter>
    </ClCompile>
    <ClCompile Include="dynarmic\frontend\A64\translate\impl\data_processing_shift.cpp">
      <Filter>Source Files\frontend\A64\translate</Filter>
    </ClCompile>
    <ClCompile Include="dynarmic\frontend\A64\translate\impl\floating_point_compare.cpp">
      <Filter>Source Files\frontend\A64\translate</Filter>
    </ClCompile>
    <ClCompile Include="dynarmic\frontend\A64\translate\impl\floating_point_conditional_compare.cpp">
      <Filter>Source Files\frontend\A64\translate</Filter>
    </ClCompile>
    <ClCompile Include="dynarmic\frontend\A64\translate\impl\floating_point_conditional_select.cpp">
      <Filter>Source Files\frontend\A64\translate</Filter>
    </ClCompile>
    <ClCompile Include="dynarmic\frontend\A64\translate\impl\floating_point_conversion_fixed_point.cpp">
      <Filter>Source Files\frontend\A64\translate</Filter>
    </ClCompile>
    <ClCompile Include="dynarmic\frontend\A64\translate\impl\floating_point_conversion_integer.cpp">
      <Filter>Source Files\frontend\A64\translate</Filter>
    </ClCompile>
    <ClCompile Include="dynarmic\frontend\A64\translate\impl\floating_point_data_processing_one_register.cpp">
      <Filter>Source Files\frontend\A64\translate</Filter>
    </ClCompile>
    <ClCompile Include="dynarmic\frontend\A64\translate\impl\floating_point_data_processing_three_register.cpp">
      <Filter>Source Files\frontend\A64\translate</Filter>
    </ClCompile>
    <ClCompile Include="dynarmic\frontend\A64\translate\impl\floating_point_data_processing_two_register.cpp">
      <Filter>Source Files\frontend\A64\translate</Filter>
    </ClCompile>
    <ClCompile Include="dynarmic\frontend\A64\translate\impl\impl.cpp">
      <Filter>Source Files\frontend\A64\translate</Filter>
    </ClCompile>
    <ClCompile Include="dynarmic\frontend\A64\translate\impl\load_store_exclusive.cpp">
      <Filter>Source Files\frontend\A64\translate</Filter>
    </ClCompile>
    <ClCompile Include="dynarmic\frontend\A64\translate\impl\load_store_load_literal.cpp">
      <Filter>Source Files\frontend\A64\translate</Filter>
    </ClCompile>
    <ClCompile Include="dynarmic\frontend\A64\translate\impl\load_store_multiple_structures.cpp">
      <Filter>Source Files\frontend\A64\translate</Filter>
    </ClCompile>
    <ClCompile Include="dynarmic\frontend\A64\translate\impl\load_store_no_allocate_pair.cpp">
      <Filter>Source Files\frontend\A64\translate</Filter>
    </ClCompile>
    <ClCompile Include="dynarmic\frontend\A64\translate\impl\load_store_register_immediate.cpp">
      <Filter>Source Files\frontend\A64\translate</Filter>
    </ClCompile>
    <ClCompile Include="dynarmic\frontend\A64\translate\impl\load_store_register_pair.cpp">
      <Filter>Source Files\frontend\A64\translate</Filter>
    </ClCompile>
    <ClCompile Include="dynarmic\frontend\A64\translate\impl\load_store_register_register_offset.cpp">
      <Filter>Source Files\frontend\A64\translate</Filter>
    </ClCompile>
    <ClCompile Include="dynarmic\frontend\A64\translate\impl\load_store_register_unprivileged.cpp">
      <Filter>Source Files\frontend\A64\translate</Filter>
    </ClCompile>
    <ClCompile Include="dynarmic\frontend\A64\translate\impl\load_store_single_structure.cpp">
      <Filter>Source Files\frontend\A64\translate</Filter>
    </ClCompile>
    <ClCompile Include="dynarmic\frontend\A64\translate\impl\move_wide.cpp">
      <Filter>Source Files\frontend\A64\translate</Filter>
    </ClCompile>
    <ClCompile Include="dynarmic\frontend\A64\translate\impl\simd_across_lanes.cpp">
      <Filter>Source Files\frontend\A64\translate</Filter>
    </ClCompile>
    <ClCompile Include="dynarmic\frontend\A64\translate\impl\simd_aes.cpp">
      <Filter>Source Files\frontend\A64\translate</Filter>
    </ClCompile>
    <ClCompile Include="dynarmic\frontend\A64\translate\impl\simd_copy.cpp">
      <Filter>Source Files\frontend\A64\translate</Filter>
    </ClCompile>
    <ClCompile Include="dynarmic\frontend\A64\translate\impl\simd_crypto_four_register.cpp">
      <Filter>Source Files\frontend\A64\translate</Filter>
    </ClCompile>
    <ClCompile Include="dynarmic\frontend\A64\translate\impl\simd_crypto_three_register.cpp">
      <Filter>Source Files\frontend\A64\translate</Filter>
    </ClCompile>
    <ClCompile Include="dynarmic\frontend\A64\translate\impl\simd_extract.cpp">
      <Filter>Source Files\frontend\A64\translate</Filter>
    </ClCompile>
    <ClCompile Include="dynarmic\frontend\A64\translate\impl\simd_modified_immediate.cpp">
      <Filter>Source Files\frontend\A64\translate</Filter>
    </ClCompile>
    <ClCompile Include="dynarmic\frontend\A64\translate\impl\simd_permute.cpp">
      <Filter>Source Files\frontend\A64\translate</Filter>
    </ClCompile>
    <ClCompile Include="dynarmic\frontend\A64\translate\impl\simd_scalar_pairwise.cpp">
      <Filter>Source Files\frontend\A64\translate</Filter>
    </ClCompile>
    <ClCompile Include="dynarmic\frontend\A64\translate\impl\simd_scalar_shift_by_immediate.cpp">
      <Filter>Source Files\frontend\A64\translate</Filter>
    </ClCompile>
    <ClCompile Include="dynarmic\frontend\A64\translate\impl\simd_scalar_three_same.cpp">
      <Filter>Source Files\frontend\A64\translate</Filter>
    </ClCompile>
    <ClCompile Include="dynarmic\frontend\A64\translate\impl\simd_scalar_two_register_misc.cpp">
      <Filter>Source Files\frontend\A64\translate</Filter>
    </ClCompile>
    <ClCompile Include="dynarmic\frontend\A64\translate\impl\simd_scalar_x_indexed_element.cpp">
      <Filter>Source Files\frontend\A64\translate</Filter>
    </ClCompile>
    <ClCompile Include="dynarmic\frontend\A64\translate\impl\simd_sha.cpp">
      <Filter>Source Files\frontend\A64\translate</Filter>
    </ClCompile>
    <ClCompile Include="dynarmic\frontend\A64\translate\impl\simd_sha512.cpp">
      <Filter>Source Files\frontend\A64\translate</Filter>
    </ClCompile>
    <ClCompile Include="dynarmic\frontend\A64\translate\impl\simd_shift_by_immediate.cpp">
      <Filter>Source Files\frontend\A64\translate</Filter>
    </ClCompile>
    <ClCompile Include="dynarmic\frontend\A64\translate\impl\simd_table_lookup.cpp">
      <Filter>Source Files\frontend\A64\translate</Filter>
    </ClCompile>
    <ClCompile Include="dynarmic\frontend\A64\translate\impl\simd_three_different.cpp">
      <Filter>Source Files\frontend\A64\translate</Filter>
    </ClCompile>
    <ClCompile Include="dynarmic\frontend\A64\translate\impl\simd_three_same.cpp">
      <Filter>Source Files\frontend\A64\translate</Filter>
    </ClCompile>
    <ClCompile Include="dynarmic\frontend\A64\translate\impl\simd_three_same_extra.cpp">
      <Filter>Source Files\frontend\A64\translate</Filter>
    </ClCompile>
    <ClCompile Include="dynarmic\frontend\A64\translate\impl\simd_two_register_misc.cpp">
      <Filter>Source Files\frontend\A64\translate</Filter>
    </ClCompile>
    <ClCompile Include="dynarmic\frontend\A64\translate\impl\simd_vector_x_indexed_element.cpp">
      <Filter>Source Files\frontend\A64\translate</Filter>
    </ClCompile>
    <ClCompile Include="dynarmic\frontend\A64\translate\impl\sys_dc.cpp">
      <Filter>Source Files\frontend\A64\translate</Filter>
    </ClCompile>
    <ClCompile Include="dynarmic\frontend\A64\translate\impl\sys_ic.cpp">
      <Filter>Source Files\frontend\A64\translate</Filter>
    </ClCompile>
    <ClCompile Include="dynarmic\frontend\A64\translate\impl\system.cpp">
      <Filter>Source Files\frontend\A64\translate</Filter>
    </ClCompile>
    <ClCompile Include="dynarmic\frontend\A64\translate\impl\system_flag_format.cpp">
      <Filter>Source Files\frontend\A64\translate</Filter>
    </ClCompile>
    <ClCompile Include="dynarmic\frontend\A64\translate\impl\system_flag_manipulation.cpp">
      <Filter>Source Files\frontend\A64\translate</Filter>
    </ClCompile>
    <ClCompile Include="exclusive_monitor_interface.cpp">
      <Filter>Source Files</Filter>
    </ClCompile>
    <ClCompile Include="arm_dynarmic.cpp">
      <Filter>Source Files</Filter>
    </ClCompile>
    <ClCompile Include="cpu_manager.cpp">
      <Filter>Source Files</Filter>
    </ClCompile>
    <ClCompile Include="cpu_enum_strings.cpp">
      <Filter>Source Files</Filter>
    </ClCompile>
    <ClCompile Include="cpu_settings.cpp">
      <Filter>Source Files</Filter>
    </ClCompile>
    <ClCompile Include="arm_dynarmic_32.cpp">
      <Filter>Source Files</Filter>
    </ClCompile>
    <ClCompile Include="dynarmic_cp15.cpp">
      <Filter>Source Files</Filter>
    </ClCompile>
    <ClCompile Include="patch\patch_collection.cpp">
      <Filter>Source Files\patch</Filter>
    </ClCompile>
    <ClCompile Include="dynarmic\ir\basic_block.cpp">
      <Filter>Source Files</Filter>
    </ClCompile>
    <ClCompile Include="dynarmic\ir\ir_emitter.cpp">
      <Filter>Source Files</Filter>
    </ClCompile>
    <ClCompile Include="dynarmic\ir\location_descriptor.cpp">
      <Filter>Source Files</Filter>
    </ClCompile>
    <ClCompile Include="dynarmic\ir\microinstruction.cpp">
      <Filter>Source Files</Filter>
    </ClCompile>
    <ClCompile Include="dynarmic\ir\opcodes.cpp">
      <Filter>Source Files</Filter>
    </ClCompile>
    <ClCompile Include="dynarmic\ir\opt\a32_constant_memory_reads_pass.cpp">
      <Filter>Source Files</Filter>
    </ClCompile>
    <ClCompile Include="dynarmic\ir\opt\a32_get_set_elimination_pass.cpp">
      <Filter>Source Files</Filter>
    </ClCompile>
    <ClCompile Include="dynarmic\ir\opt\a64_callback_config_pass.cpp">
      <Filter>Source Files</Filter>
    </ClCompile>
    <ClCompile Include="dynarmic\ir\opt\a64_get_set_elimination_pass.cpp">
      <Filter>Source Files</Filter>
    </ClCompile>
    <ClCompile Include="dynarmic\ir\opt\a64_merge_interpret_blocks.cpp">
      <Filter>Source Files</Filter>
    </ClCompile>
    <ClCompile Include="dynarmic\ir\opt\constant_propagation_pass.cpp">
      <Filter>Source Files</Filter>
    </ClCompile>
    <ClCompile Include="dynarmic\ir\opt\dead_code_elimination_pass.cpp">
      <Filter>Source Files</Filter>
    </ClCompile>
    <ClCompile Include="dynarmic\ir\opt\identity_removal_pass.cpp">
      <Filter>Source Files</Filter>
    </ClCompile>
    <ClCompile Include="dynarmic\ir\opt\naming_pass.cpp">
      <Filter>Source Files</Filter>
    </ClCompile>
    <ClCompile Include="dynarmic\ir\opt\polyfill_pass.cpp">
      <Filter>Source Files</Filter>
    </ClCompile>
    <ClCompile Include="dynarmic\ir\opt\verification_pass.cpp">
      <Filter>Source Files</Filter>
    </ClCompile>
    <ClCompile Include="dynarmic\ir\type.cpp">
      <Filter>Source Files</Filter>
    </ClCompile>
    <ClCompile Include="dynarmic\ir\value.cpp">
      <Filter>Source Files</Filter>
    </ClCompile>
  </ItemGroup>
  <ItemGroup>
    <None Include="dynarmic\backend\x64\emit_x64_memory.cpp.inc">
      <Filter>Source Files\dynarmic\backend\x64</Filter>
    </None>
  </ItemGroup>
</Project>